
Microsoft Visual Studio Solution File, Format Version 12.00
# Visual Studio Version 17
VisualStudioVersion = 17.1.32210.238
MinimumVisualStudioVersion = 10.0.40219.1
Project("{FAE04EC0-301F-11D3-BF4B-00C04F79EFBC}") = "exercise 5", "exercise 5\exercise 5.csproj", "{D23B2CC5-4242-4BB9-88E2-5EDBD0ADFDB9}"
EndProject
Global
	GlobalSection(SolutionConfigurationPlatforms) = preSolution
		Debug|Any CPU = Debug|Any CPU
		Release|Any CPU = Release|Any CPU
	EndGlobalSection
	GlobalSection(ProjectConfigurationPlatforms) = postSolution
		{D23B2CC5-4242-4BB9-88E2-5EDBD0ADFDB9}.Debug|Any CPU.ActiveCfg = Debug|Any CPU
		{D23B2CC5-4242-4BB9-88E2-5EDBD0ADFDB9}.Debug|Any CPU.Build.0 = Debug|Any CPU
		{D23B2CC5-4242-4BB9-88E2-5EDBD0ADFDB9}.Release|Any CPU.ActiveCfg = Release|Any CPU
		{D23B2CC5-4242-4BB9-88E2-5EDBD0ADFDB9}.Release|Any CPU.Build.0 = Release|Any CPU
	EndGlobalSection
	GlobalSection(SolutionProperties) = preSolution
		HideSolutionNode = FALSE
	EndGlobalSection
	GlobalSection(ExtensibilityGlobals) = postSolution
		SolutionGuid = {BF21C03F-76BA-4ABD-BB71-12DD366124B1}
	EndGlobalSection
EndGlobal
